
Microsoft Visual Studio Solution File, Format Version 12.00
# Visual Studio 15
Project("{FAE04EC0-301F-11D3-BF4B-00C04F79EFBC}") = "bilibili.OpenBLive", "bilibili.OpenBLive.csproj", "{739D87EF-A75C-8590-7FA6-49D45958D8D3}"
EndProject
Project("{FAE04EC0-301F-11D3-BF4B-00C04F79EFBC}") = "UnityUIExtensions", "UnityUIExtensions.csproj", "{99AF94D5-7D73-9B09-5840-55339AEB7D42}"
EndProject
Project("{FAE04EC0-301F-11D3-BF4B-00C04F79EFBC}") = "Assembly-CSharp", "Assembly-CSharp.csproj", "{A8BB2A0A-757B-CBB0-43A9-F87483544973}"
EndProject
Project("{FAE04EC0-301F-11D3-BF4B-00C04F79EFBC}") = "Nobi.UiRoundedCorners", "Nobi.UiRoundedCorners.csproj", "{AE961ECB-1A35-4DF6-41D9-F6E66D186E76}"
EndProject
Project("{FAE04EC0-301F-11D3-BF4B-00C04F79EFBC}") = "OpenBLive.Samples.Script", "OpenBLive.Samples.Script.csproj", "{913A6045-3B6C-D6EF-05A7-328321A42993}"
EndProject
Project("{FAE04EC0-301F-11D3-BF4B-00C04F79EFBC}") = "UnityUIExtensions.editor", "UnityUIExtensions.editor.csproj", "{7B49639F-F9EF-F265-96D6-452EF52219EB}"
EndProject
Project("{FAE04EC0-301F-11D3-BF4B-00C04F79EFBC}") = "Assembly-CSharp-Editor", "Assembly-CSharp-Editor.csproj", "{FCB9DA08-AD86-F844-1DDA-6AB5B609DFF4}"
EndProject
Project("{FAE04EC0-301F-11D3-BF4B-00C04F79EFBC}") = "Nobi.UiRoundedCorners.Editor", "Nobi.UiRoundedCorners.Editor.csproj", "{A00A0FA7-DEB0-687D-9A42-CBE1D9722569}"
EndProject
Global
	GlobalSection(SolutionConfigurationPlatforms) = preSolution
		Debug|Any CPU = Debug|Any CPU
		Release|Any CPU = Release|Any CPU
	EndGlobalSection
	GlobalSection(ProjectConfigurationPlatforms) = postSolution
		{739D87EF-A75C-8590-7FA6-49D45958D8D3}.Debug|Any CPU.ActiveCfg = Debug|Any CPU
		{739D87EF-A75C-8590-7FA6-49D45958D8D3}.Debug|Any CPU.Build.0 = Debug|Any CPU
		{739D87EF-A75C-8590-7FA6-49D45958D8D3}.Release|Any CPU.ActiveCfg = Release|Any CPU
		{739D87EF-A75C-8590-7FA6-49D45958D8D3}.Release|Any CPU.Build.0 = Release|Any CPU
		{99AF94D5-7D73-9B09-5840-55339AEB7D42}.Debug|Any CPU.ActiveCfg = Debug|Any CPU
		{99AF94D5-7D73-9B09-5840-55339AEB7D42}.Debug|Any CPU.Build.0 = Debug|Any CPU
		{99AF94D5-7D73-9B09-5840-55339AEB7D42}.Release|Any CPU.ActiveCfg = Release|Any CPU
		{99AF94D5-7D73-9B09-5840-55339AEB7D42}.Release|Any CPU.Build.0 = Release|Any CPU
		{A8BB2A0A-757B-CBB0-43A9-F87483544973}.Debug|Any CPU.ActiveCfg = Debug|Any CPU
		{A8BB2A0A-757B-CBB0-43A9-F87483544973}.Debug|Any CPU.Build.0 = Debug|Any CPU
		{A8BB2A0A-757B-CBB0-43A9-F87483544973}.Release|Any CPU.ActiveCfg = Release|Any CPU
		{A8BB2A0A-757B-CBB0-43A9-F87483544973}.Release|Any CPU.Build.0 = Release|Any CPU
		{AE961ECB-1A35-4DF6-41D9-F6E66D186E76}.Debug|Any CPU.ActiveCfg = Debug|Any CPU
		{AE961ECB-1A35-4DF6-41D9-F6E66D186E76}.Debug|Any CPU.Build.0 = Debug|Any CPU
		{AE961ECB-1A35-4DF6-41D9-F6E66D186E76}.Release|Any CPU.ActiveCfg = Release|Any CPU
		{AE961ECB-1A35-4DF6-41D9-F6E66D186E76}.Release|Any CPU.Build.0 = Release|Any CPU
		{913A6045-3B6C-D6EF-05A7-328321A42993}.Debug|Any CPU.ActiveCfg = Debug|Any CPU
		{913A6045-3B6C-D6EF-05A7-328321A42993}.Debug|Any CPU.Build.0 = Debug|Any CPU
		{913A6045-3B6C-D6EF-05A7-328321A42993}.Release|Any CPU.ActiveCfg = Release|Any CPU
		{913A6045-3B6C-D6EF-05A7-328321A42993}.Release|Any CPU.Build.0 = Release|Any CPU
		{7B49639F-F9EF-F265-96D6-452EF52219EB}.Debug|Any CPU.ActiveCfg = Debug|Any CPU
		{7B49639F-F9EF-F265-96D6-452EF52219EB}.Debug|Any CPU.Build.0 = Debug|Any CPU
		{7B49639F-F9EF-F265-96D6-452EF52219EB}.Release|Any CPU.ActiveCfg = Release|Any CPU
		{7B49639F-F9EF-F265-96D6-452EF52219EB}.Release|Any CPU.Build.0 = Release|Any CPU
		{FCB9DA08-AD86-F844-1DDA-6AB5B609DFF4}.Debug|Any CPU.ActiveCfg = Debug|Any CPU
		{FCB9DA08-AD86-F844-1DDA-6AB5B609DFF4}.Debug|Any CPU.Build.0 = Debug|Any CPU
		{FCB9DA08-AD86-F844-1DDA-6AB5B609DFF4}.Release|Any CPU.ActiveCfg = Release|Any CPU
		{FCB9DA08-AD86-F844-1DDA-6AB5B609DFF4}.Release|Any CPU.Build.0 = Release|Any CPU
		{A00A0FA7-DEB0-687D-9A42-CBE1D9722569}.Debug|Any CPU.ActiveCfg = Debug|Any CPU
		{A00A0FA7-DEB0-687D-9A42-CBE1D9722569}.Debug|Any CPU.Build.0 = Debug|Any CPU
		{A00A0FA7-DEB0-687D-9A42-CBE1D9722569}.Release|Any CPU.ActiveCfg = Release|Any CPU
		{A00A0FA7-DEB0-687D-9A42-CBE1D9722569}.Release|Any CPU.Build.0 = Release|Any CPU
	EndGlobalSection
	GlobalSection(SolutionProperties) = preSolution
		HideSolutionNode = FALSE
	EndGlobalSection
EndGlobal
